// !$*UTF8*$!
{
	archiveVersion = 1;
	classes = {
	};
	objectVersion = 46;
	objects = {

/* Begin PBXBuildFile section */
		635DC7631CDB1B9F004C8381 /* AppDelegate.swift in Sources */ = {isa = PBXBuildFile; fileRef = 635DC7621CDB1B9F004C8381 /* AppDelegate.swift */; };
		635DC7651CDB1B9F004C8381 /* ViewController.swift in Sources */ = {isa = PBXBuildFile; fileRef = 635DC7641CDB1B9F004C8381 /* ViewController.swift */; };
		635DC7681CDB1B9F004C8381 /* Main.storyboard in Resources */ = {isa = PBXBuildFile; fileRef = 635DC7661CDB1B9F004C8381 /* Main.storyboard */; };
		635DC76A1CDB1B9F004C8381 /* Assets.xcassets in Resources */ = {isa = PBXBuildFile; fileRef = 635DC7691CDB1B9F004C8381 /* Assets.xcassets */; };
		635DC76D1CDB1B9F004C8381 /* LaunchScreen.storyboard in Resources */ = {isa = PBXBuildFile; fileRef = 635DC76B1CDB1B9F004C8381 /* LaunchScreen.storyboard */; };
		635DC7781CDB1B9F004C8381 /* MonthCalenderTests.swift in Sources */ = {isa = PBXBuildFile; fileRef = 635DC7771CDB1B9F004C8381 /* MonthCalenderTests.swift */; };
		635DC7831CDB1B9F004C8381 /* MonthCalenderUITests.swift in Sources */ = {isa = PBXBuildFile; fileRef = 635DC7821CDB1B9F004C8381 /* MonthCalenderUITests.swift */; };
		635DC7911CDB2F46004C8381 /* SomeCollectionViewCell.swift in Sources */ = {isa = PBXBuildFile; fileRef = 635DC7901CDB2F46004C8381 /* SomeCollectionViewCell.swift */; };
		635DC7931CDB325E004C8381 /* SomeLayout.swift in Sources */ = {isa = PBXBuildFile; fileRef = 635DC7921CDB325E004C8381 /* SomeLayout.swift */; };
		635DC7D01CE05A4D004C8381 /* DLCalendarView.swift in Sources */ = {isa = PBXBuildFile; fileRef = 635DC7CF1CE05A4D004C8381 /* DLCalendarView.swift */; };
/* End PBXBuildFile section */

/* Begin PBXContainerItemProxy section */
		635DC7741CDB1B9F004C8381 /* PBXContainerItemProxy */ = {
			isa = PBXContainerItemProxy;
			containerPortal = 635DC7571CDB1B9F004C8381 /* Project object */;
			proxyType = 1;
			remoteGlobalIDString = 635DC75E1CDB1B9F004C8381;
			remoteInfo = MonthCalender;
		};
		635DC77F1CDB1B9F004C8381 /* PBXContainerItemProxy */ = {
			isa = PBXContainerItemProxy;
			containerPortal = 635DC7571CDB1B9F004C8381 /* Project object */;
			proxyType = 1;
			remoteGlobalIDString = 635DC75E1CDB1B9F004C8381;
			remoteInfo = MonthCalender;
		};
/* End PBXContainerItemProxy section */

/* Begin PBXFileReference section */
		635DC75F1CDB1B9F004C8381 /* MonthCalender.app */ = {isa = PBXFileReference; explicitFileType = wrapper.application; includeInIndex = 0; path = MonthCalender.app; sourceTree = BUILT_PRODUCTS_DIR; };
		635DC7621CDB1B9F004C8381 /* AppDelegate.swift */ = {isa = PBXFileReference; lastKnownFileType = sourcecode.swift; path = AppDelegate.swift; sourceTree = "<group>"; };
		635DC7641CDB1B9F004C8381 /* ViewController.swift */ = {isa = PBXFileReference; lastKnownFileType = sourcecode.swift; path = ViewController.swift; sourceTree = "<group>"; };
		635DC7671CDB1B9F004C8381 /* Base */ = {isa = PBXFileReference; lastKnownFileType = file.storyboard; name = Base; path = Base.lproj/Main.storyboard; sourceTree = "<group>"; };
		635DC7691CDB1B9F004C8381 /* Assets.xcassets */ = {isa = PBXFileReference; lastKnownFileType = folder.assetcatalog; path = Assets.xcassets; sourceTree = "<group>"; };
		635DC76C1CDB1B9F004C8381 /* Base */ = {isa = PBXFileReference; lastKnownFileType = file.storyboard; name = Base; path = Base.lproj/LaunchScreen.storyboard; sourceTree = "<group>"; };
		635DC76E1CDB1B9F004C8381 /* Info.plist */ = {isa = PBXFileReference; lastKnownFileType = text.plist.xml; path = Info.plist; sourceTree = "<group>"; };
		635DC7731CDB1B9F004C8381 /* MonthCalenderTests.xctest */ = {isa = PBXFileReference; explicitFileType = wrapper.cfbundle; includeInIndex = 0; path = MonthCalenderTests.xctest; sourceTree = BUILT_PRODUCTS_DIR; };
		635DC7771CDB1B9F004C8381 /* MonthCalenderTests.swift */ = {isa = PBXFileReference; lastKnownFileType = sourcecode.swift; path = MonthCalenderTests.swift; sourceTree = "<group>"; };
		635DC7791CDB1B9F004C8381 /* Info.plist */ = {isa = PBXFileReference; lastKnownFileType = text.plist.xml; path = Info.plist; sourceTree = "<group>"; };
		635DC77E1CDB1B9F004C8381 /* MonthCalenderUITests.xctest */ = {isa = PBXFileReference; explicitFileType = wrapper.cfbundle; includeInIndex = 0; path = MonthCalenderUITests.xctest; sourceTree = BUILT_PRODUCTS_DIR; };
		635DC7821CDB1B9F004C8381 /* MonthCalenderUITests.swift */ = {isa = PBXFileReference; lastKnownFileType = sourcecode.swift; path = MonthCalenderUITests.swift; sourceTree = "<group>"; };
		635DC7841CDB1B9F004C8381 /* Info.plist */ = {isa = PBXFileReference; lastKnownFileType = text.plist.xml; path = Info.plist; sourceTree = "<group>"; };
		635DC7901CDB2F46004C8381 /* SomeCollectionViewCell.swift */ = {isa = PBXFileReference; fileEncoding = 4; lastKnownFileType = sourcecode.swift; path = SomeCollectionViewCell.swift; sourceTree = "<group>"; };
		635DC7921CDB325E004C8381 /* SomeLayout.swift */ = {isa = PBXFileReference; fileEncoding = 4; lastKnownFileType = sourcecode.swift; path = SomeLayout.swift; sourceTree = "<group>"; };
		635DC7CF1CE05A4D004C8381 /* DLCalendarView.swift */ = {isa = PBXFileReference; fileEncoding = 4; lastKnownFileType = sourcecode.swift; path = DLCalendarView.swift; sourceTree = "<group>"; };
/* End PBXFileReference section */

/* Begin PBXFrameworksBuildPhase section */
		635DC75C1CDB1B9F004C8381 /* Frameworks */ = {
			isa = PBXFrameworksBuildPhase;
			buildActionMask = 2147483647;
			files = (
			);
			runOnlyForDeploymentPostprocessing = 0;
		};
		635DC7701CDB1B9F004C8381 /* Frameworks */ = {
			isa = PBXFrameworksBuildPhase;
			buildActionMask = 2147483647;
			files = (
			);
			runOnlyForDeploymentPostprocessing = 0;
		};
		635DC77B1CDB1B9F004C8381 /* Frameworks */ = {
			isa = PBXFrameworksBuildPhase;
			buildActionMask = 2147483647;
			files = (
			);
			runOnlyForDeploymentPostprocessing = 0;
		};
/* End PBXFrameworksBuildPhase section */

/* Begin PBXGroup section */
		635DC7561CDB1B9F004C8381 = {
			isa = PBXGroup;
			children = (
				635DC7611CDB1B9F004C8381 /* MonthCalender */,
				635DC7761CDB1B9F004C8381 /* MonthCalenderTests */,
				635DC7811CDB1B9F004C8381 /* MonthCalenderUITests */,
				635DC7601CDB1B9F004C8381 /* Products */,
			);
			sourceTree = "<group>";
		};
		635DC7601CDB1B9F004C8381 /* Products */ = {
			isa = PBXGroup;
			children = (
				635DC75F1CDB1B9F004C8381 /* MonthCalender.app */,
				635DC7731CDB1B9F004C8381 /* MonthCalenderTests.xctest */,
				635DC77E1CDB1B9F004C8381 /* MonthCalenderUITests.xctest */,
			);
			name = Products;
			sourceTree = "<group>";
		};
		635DC7611CDB1B9F004C8381 /* MonthCalender */ = {
			isa = PBXGroup;
			children = (
				635DC7621CDB1B9F004C8381 /* AppDelegate.swift */,
				635DC7641CDB1B9F004C8381 /* ViewController.swift */,
				635DC7CF1CE05A4D004C8381 /* DLCalendarView.swift */,
				635DC7921CDB325E004C8381 /* SomeLayout.swift */,
				635DC7901CDB2F46004C8381 /* SomeCollectionViewCell.swift */,
				635DC7661CDB1B9F004C8381 /* Main.storyboard */,
				635DC7691CDB1B9F004C8381 /* Assets.xcassets */,
				635DC76B1CDB1B9F004C8381 /* LaunchScreen.storyboard */,
				635DC76E1CDB1B9F004C8381 /* Info.plist */,
			);
			path = MonthCalender;
			sourceTree = "<group>";
		};
		635DC7761CDB1B9F004C8381 /* MonthCalenderTests */ = {
			isa = PBXGroup;
			children = (
				635DC7771CDB1B9F004C8381 /* MonthCalenderTests.swift */,
				635DC7791CDB1B9F004C8381 /* Info.plist */,
			);
			path = MonthCalenderTests;
			sourceTree = "<group>";
		};
		635DC7811CDB1B9F004C8381 /* MonthCalenderUITests */ = {
			isa = PBXGroup;
			children = (
				635DC7821CDB1B9F004C8381 /* MonthCalenderUITests.swift */,
				635DC7841CDB1B9F004C8381 /* Info.plist */,
			);
			path = MonthCalenderUITests;
			sourceTree = "<group>";
		};
/* End PBXGroup section */

/* Begin PBXNativeTarget section */
		635DC75E1CDB1B9F004C8381 /* MonthCalender */ = {
			isa = PBXNativeTarget;
			buildConfigurationList = 635DC7871CDB1B9F004C8381 /* Build configuration list for PBXNativeTarget "MonthCalender" */;
			buildPhases = (
				635DC75B1CDB1B9F004C8381 /* Sources */,
				635DC75C1CDB1B9F004C8381 /* Frameworks */,
				635DC75D1CDB1B9F004C8381 /* Resources */,
			);
			buildRules = (
			);
			dependencies = (
			);
			name = MonthCalender;
			productName = MonthCalender;
			productReference = 635DC75F1CDB1B9F004C8381 /* MonthCalender.app */;
			productType = "com.apple.product-type.application";
		};
		635DC7721CDB1B9F004C8381 /* MonthCalenderTests */ = {
			isa = PBXNativeTarget;
			buildConfigurationList = 635DC78A1CDB1B9F004C8381 /* Build configuration list for PBXNativeTarget "MonthCalenderTests" */;
			buildPhases = (
				635DC76F1CDB1B9F004C8381 /* Sources */,
				635DC7701CDB1B9F004C8381 /* Frameworks */,
				635DC7711CDB1B9F004C8381 /* Resources */,
			);
			buildRules = (
			);
			dependencies = (
				635DC7751CDB1B9F004C8381 /* PBXTargetDependency */,
			);
			name = MonthCalenderTests;
			productName = MonthCalenderTests;
			productReference = 635DC7731CDB1B9F004C8381 /* MonthCalenderTests.xctest */;
			productType = "com.apple.product-type.bundle.unit-test";
		};
		635DC77D1CDB1B9F004C8381 /* MonthCalenderUITests */ = {
			isa = PBXNativeTarget;
			buildConfigurationList = 635DC78D1CDB1B9F004C8381 /* Build configuration list for PBXNativeTarget "MonthCalenderUITests" */;
			buildPhases = (
				635DC77A1CDB1B9F004C8381 /* Sources */,
				635DC77B1CDB1B9F004C8381 /* Frameworks */,
				635DC77C1CDB1B9F004C8381 /* Resources */,
			);
			buildRules = (
			);
			dependencies = (
				635DC7801CDB1B9F004C8381 /* PBXTargetDependency */,
			);
			name = MonthCalenderUITests;
			productName = MonthCalenderUITests;
			productReference = 635DC77E1CDB1B9F004C8381 /* MonthCalenderUITests.xctest */;
			productType = "com.apple.product-type.bundle.ui-testing";
		};
/* End PBXNativeTarget section */

/* Begin PBXProject section */
		635DC7571CDB1B9F004C8381 /* Project object */ = {
			isa = PBXProject;
			attributes = {
				LastSwiftUpdateCheck = 0730;
				LastUpgradeCheck = 0730;
				ORGANIZATIONNAME = David;
				TargetAttributes = {
					635DC75E1CDB1B9F004C8381 = {
						CreatedOnToolsVersion = 7.3.1;
					};
					635DC7721CDB1B9F004C8381 = {
						CreatedOnToolsVersion = 7.3.1;
						TestTargetID = 635DC75E1CDB1B9F004C8381;
					};
					635DC77D1CDB1B9F004C8381 = {
						CreatedOnToolsVersion = 7.3.1;
						TestTargetID = 635DC75E1CDB1B9F004C8381;
					};
				};
			};
			buildConfigurationList = 635DC75A1CDB1B9F004C8381 /* Build configuration list for PBXProject "MonthCalender" */;
			compatibilityVersion = "Xcode 3.2";
			developmentRegion = English;
			hasScannedForEncodings = 0;
			knownRegions = (
				en,
				Base,
			);
			mainGroup = 635DC7561CDB1B9F004C8381;
			productRefGroup = 635DC7601CDB1B9F004C8381 /* Products */;
			projectDirPath = "";
			projectRoot = "";
			targets = (
				635DC75E1CDB1B9F004C8381 /* MonthCalender */,
				635DC7721CDB1B9F004C8381 /* MonthCalenderTests */,
				635DC77D1CDB1B9F004C8381 /* MonthCalenderUITests */,
			);
		};
/* End PBXProject section */

/* Begin PBXResourcesBuildPhase section */
		635DC75D1CDB1B9F004C8381 /* Resources */ = {
			isa = PBXResourcesBuildPhase;
			buildActionMask = 2147483647;
			files = (
				635DC76D1CDB1B9F004C8381 /* LaunchScreen.storyboard in Resources */,
				635DC76A1CDB1B9F004C8381 /* Assets.xcassets in Resources */,
				635DC7681CDB1B9F004C8381 /* Main.storyboard in Resources */,
			);
			runOnlyForDeploymentPostprocessing = 0;
		};
		635DC7711CDB1B9F004C8381 /* Resources */ = {
			isa = PBXResourcesBuildPhase;
			buildActionMask = 2147483647;
			files = (
			);
			runOnlyForDeploymentPostprocessing = 0;
		};
		635DC77C1CDB1B9F004C8381 /* Resources */ = {
			isa = PBXResourcesBuildPhase;
			buildActionMask = 2147483647;
			files = (
			);
			runOnlyForDeploymentPostprocessing = 0;
		};
/* End PBXResourcesBuildPhase section */

/* Begin PBXSourcesBuildPhase section */
		635DC75B1CDB1B9F004C8381 /* Sources */ = {
			isa = PBXSourcesBuildPhase;
			buildActionMask = 2147483647;
			files = (
				635DC7D01CE05A4D004C8381 /* DLCalendarView.swift in Sources */,
				635DC7651CDB1B9F004C8381 /* ViewController.swift in Sources */,
				635DC7931CDB325E004C8381 /* SomeLayout.swift in Sources */,
				635DC7911CDB2F46004C8381 /* SomeCollectionViewCell.swift in Sources */,
				635DC7631CDB1B9F004C8381 /* AppDelegate.swift in Sources */,
			);
			runOnlyForDeploymentPostprocessing = 0;
		};
		635DC76F1CDB1B9F004C8381 /* Sources */ = {
			isa = PBXSourcesBuildPhase;
			buildActionMask = 2147483647;
			files = (
				635DC7781CDB1B9F004C8381 /* MonthCalenderTests.swift in Sources */,
			);
			runOnlyForDeploymentPostprocessing = 0;
		};
		635DC77A1CDB1B9F004C8381 /* Sources */ = {
			isa = PBXSourcesBuildPhase;
			buildActionMask = 2147483647;
			files = (
				635DC7831CDB1B9F004C8381 /* MonthCalenderUITests.swift in Sources */,
			);
			runOnlyForDeploymentPostprocessing = 0;
		};
/* End PBXSourcesBuildPhase section */

/* Begin PBXTargetDependency section */
		635DC7751CDB1B9F004C8381 /* PBXTargetDependency */ = {
			isa = PBXTargetDependency;
			target = 635DC75E1CDB1B9F004C8381 /* MonthCalender */;
			targetProxy = 635DC7741CDB1B9F004C8381 /* PBXContainerItemProxy */;
		};
		635DC7801CDB1B9F004C8381 /* PBXTargetDependency */ = {
			isa = PBXTargetDependency;
			target = 635DC75E1CDB1B9F004C8381 /* MonthCalender */;
			targetProxy = 635DC77F1CDB1B9F004C8381 /* PBXContainerItemProxy */;
		};
/* End PBXTargetDependency section */

/* Begin PBXVariantGroup section */
		635DC7661CDB1B9F004C8381 /* Main.storyboard */ = {
			isa = PBXVariantGroup;
			children = (
				635DC7671CDB1B9F004C8381 /* Base */,
			);
			name = Main.storyboard;
			sourceTree = "<group>";
		};
		635DC76B1CDB1B9F004C8381 /* LaunchScreen.storyboard */ = {
			isa = PBXVariantGroup;
			children = (
				635DC76C1CDB1B9F004C8381 /* Base */,
			);
			name = LaunchScreen.storyboard;
			sourceTree = "<group>";
		};
/* End PBXVariantGroup section */

/* Begin XCBuildConfiguration section */
		635DC7851CDB1B9F004C8381 /* Debug */ = {
			isa = XCBuildConfiguration;
			buildSettings = {
				ALWAYS_SEARCH_USER_PATHS = NO;
				CLANG_ANALYZER_NONNULL = YES;
				CLANG_CXX_LANGUAGE_STANDARD = "gnu++0x";
				CLANG_CXX_LIBRARY = "libc++";
				CLANG_ENABLE_MODULES = YES;
				CLANG_ENABLE_OBJC_ARC = YES;
				CLANG_WARN_BOOL_CONVERSION = YES;
				CLANG_WARN_CONSTANT_CONVERSION = YES;
				CLANG_WARN_DIRECT_OBJC_ISA_USAGE = YES_ERROR;
				CLANG_WARN_EMPTY_BODY = YES;
				CLANG_WARN_ENUM_CONVERSION = YES;
				CLANG_WARN_INT_CONVERSION = YES;
				CLANG_WARN_OBJC_ROOT_CLASS = YES_ERROR;
				CLANG_WARN_UNREACHABLE_CODE = YES;
				CLANG_WARN__DUPLICATE_METHOD_MATCH = YES;
				"CODE_SIGN_IDENTITY[sdk=iphoneos*]" = "iPhone Developer";
				COPY_PHASE_STRIP = NO;
				DEBUG_INFORMATION_FORMAT = dwarf;
				ENABLE_STRICT_OBJC_MSGSEND = YES;
				ENABLE_TESTABILITY = YES;
				GCC_C_LANGUAGE_STANDARD = gnu99;
				GCC_DYNAMIC_NO_PIC = NO;
				GCC_NO_COMMON_BLOCKS = YES;
				GCC_OPTIMIZATION_LEVEL = 0;
				GCC_PREPROCESSOR_DEFINITIONS = (
					"DEBUG=1",
					"$(inherited)",
				);
				GCC_WARN_64_TO_32_BIT_CONVERSION = YES;
				GCC_WARN_ABOUT_RETURN_TYPE = YES_ERROR;
				GCC_WARN_UNDECLARED_SELECTOR = YES;
				GCC_WARN_UNINITIALIZED_AUTOS = YES_AGGRESSIVE;
				GCC_WARN_UNUSED_FUNCTION = YES;
				GCC_WARN_UNUSED_VARIABLE = YES;
				IPHONEOS_DEPLOYMENT_TARGET = 9.3;
				MTL_ENABLE_DEBUG_INFO = YES;
				ONLY_ACTIVE_ARCH = YES;
				SDKROOT = iphoneos;
				SWIFT_OPTIMIZATION_LEVEL = "-Onone";
				TARGETED_DEVICE_FAMILY = "1,2";
			};
			name = Debug;
		};
		635DC7861CDB1B9F004C8381 /* Release */ = {
			isa = XCBuildConfiguration;
			buildSettings = {
				ALWAYS_SEARCH_USER_PATHS = NO;
				CLANG_ANALYZER_NONNULL = YES;
				CLANG_CXX_LANGUAGE_STANDARD = "gnu++0x";
				CLANG_CXX_LIBRARY = "libc++";
				CLANG_ENABLE_MODULES = YES;
				CLANG_ENABLE_OBJC_ARC = YES;
				CLANG_WARN_BOOL_CONVERSION = YES;
				CLANG_WARN_CONSTANT_CONVERSION = YES;
				CLANG_WARN_DIRECT_OBJC_ISA_USAGE = YES_ERROR;
				CLANG_WARN_EMPTY_BODY = YES;
				CLANG_WARN_ENUM_CONVERSION = YES;
				CLANG_WARN_INT_CONVERSION = YES;
				CLANG_WARN_OBJC_ROOT_CLASS = YES_ERROR;
				CLANG_WARN_UNREACHABLE_CODE = YES;
				CLANG_WARN__DUPLICATE_METHOD_MATCH = YES;
				"CODE_SIGN_IDENTITY[sdk=iphoneos*]" = "iPhone Developer";
				COPY_PHASE_STRIP = NO;
				DEBUG_INFORMATION_FORMAT = "dwarf-with-dsym";
				ENABLE_NS_ASSERTIONS = NO;
				ENABLE_STRICT_OBJC_MSGSEND = YES;
				GCC_C_LANGUAGE_STANDARD = gnu99;
				GCC_NO_COMMON_BLOCKS = YES;
				GCC_WARN_64_TO_32_BIT_CONVERSION = YES;
				GCC_WARN_ABOUT_RETURN_TYPE = YES_ERROR;
				GCC_WARN_UNDECLARED_SELECTOR = YES;
				GCC_WARN_UNINITIALIZED_AUTOS = YES_AGGRESSIVE;
				GCC_WARN_UNUSED_FUNCTION = YES;
				GCC_WARN_UNUSED_VARIABLE = YES;
				IPHONEOS_DEPLOYMENT_TARGET = 9.3;
				MTL_ENABLE_DEBUG_INFO = NO;
				SDKROOT = iphoneos;
				TARGETED_DEVICE_FAMILY = "1,2";
				VALIDATE_PRODUCT = YES;
			};
			name = Release;
		};
		635DC7881CDB1B9F004C8381 /* Debug */ = {
			isa = XCBuildConfiguration;
			buildSettings = {
				ASSETCATALOG_COMPILER_APPICON_NAME = AppIcon;
				INFOPLIST_FILE = MonthCalender/Info.plist;
				LD_RUNPATH_SEARCH_PATHS = "$(inherited) @executable_path/Frameworks";
				PRODUCT_BUNDLE_IDENTIFIER = misk.MonthCalender;
				PRODUCT_NAME = "$(TARGET_NAME)";
			};
			name = Debug;
		};
		635DC7891CDB1B9F004C8381 /* Release */ = {
			isa = XCBuildConfiguration;
			buildSettings = {
				ASSETCATALOG_COMPILER_APPICON_NAME = AppIcon;
				INFOPLIST_FILE = MonthCalender/Info.plist;
				LD_RUNPATH_SEARCH_PATHS = "$(inherited) @executable_path/Frameworks";
				PRODUCT_BUNDLE_IDENTIFIER = misk.MonthCalender;
				PRODUCT_NAME = "$(TARGET_NAME)";
			};
			name = Release;
		};
		635DC78B1CDB1B9F004C8381 /* Debug */ = {
			isa = XCBuildConfiguration;
			buildSettings = {
				BUNDLE_LOADER = "$(TEST_HOST)";
				INFOPLIST_FILE = MonthCalenderTests/Info.plist;
				LD_RUNPATH_SEARCH_PATHS = "$(inherited) @executable_path/Frameworks @loader_path/Frameworks";
				PRODUCT_BUNDLE_IDENTIFIER = misk.MonthCalenderTests;
				PRODUCT_NAME = "$(TARGET_NAME)";
				TEST_HOST = "$(BUILT_PRODUCTS_DIR)/MonthCalender.app/MonthCalender";
			};
			name = Debug;
		};
		635DC78C1CDB1B9F004C8381 /* Release */ = {
			isa = XCBuildConfiguration;
			buildSettings = {
				BUNDLE_LOADER = "$(TEST_HOST)";
				INFOPLIST_FILE = MonthCalenderTests/Info.plist;
				LD_RUNPATH_SEARCH_PATHS = "$(inherited) @executable_path/Frameworks @loader_path/Frameworks";
				PRODUCT_BUNDLE_IDENTIFIER = misk.MonthCalenderTests;
				PRODUCT_NAME = "$(TARGET_NAME)";
				TEST_HOST = "$(BUILT_PRODUCTS_DIR)/MonthCalender.app/MonthCalender";
			};
			name = Release;
		};
		635DC78E1CDB1B9F004C8381 /* Debug */ = {
			isa = XCBuildConfiguration;
			buildSettings = {
				INFOPLIST_FILE = MonthCalenderUITests/Info.plist;
				LD_RUNPATH_SEARCH_PATHS = "$(inherited) @executable_path/Frameworks @loader_path/Frameworks";
				PRODUCT_BUNDLE_IDENTIFIER = misk.MonthCalenderUITests;
				PRODUCT_NAME = "$(TARGET_NAME)";
				TEST_TARGET_NAME = MonthCalender;
			};
			name = Debug;
		};
		635DC78F1CDB1B9F004C8381 /* Release */ = {
			isa = XCBuildConfiguration;
			buildSettings = {
				INFOPLIST_FILE = MonthCalenderUITests/Info.plist;
				LD_RUNPATH_SEARCH_PATHS = "$(inherited) @executable_path/Frameworks @loader_path/Frameworks";
				PRODUCT_BUNDLE_IDENTIFIER = misk.MonthCalenderUITests;
				PRODUCT_NAME = "$(TARGET_NAME)";
				TEST_TARGET_NAME = MonthCalender;
			};
			name = Release;
		};
/* End XCBuildConfiguration section */

/* Begin XCConfigurationList section */
		635DC75A1CDB1B9F004C8381 /* Build configuration list for PBXProject "MonthCalender" */ = {
			isa = XCConfigurationList;
			buildConfigurations = (
				635DC7851CDB1B9F004C8381 /* Debug */,
				635DC7861CDB1B9F004C8381 /* Release */,
			);
			defaultConfigurationIsVisible = 0;
			defaultConfigurationName = Release;
		};
		635DC7871CDB1B9F004C8381 /* Build configuration list for PBXNativeTarget "MonthCalender" */ = {
			isa = XCConfigurationList;
			buildConfigurations = (
				635DC7881CDB1B9F004C8381 /* Debug */,
				635DC7891CDB1B9F004C8381 /* Release */,
			);
			defaultConfigurationIsVisible = 0;
		};
		635DC78A1CDB1B9F004C8381 /* Build configuration list for PBXNativeTarget "MonthCalenderTests" */ = {
			isa = XCConfigurationList;
			buildConfigurations = (
				635DC78B1CDB1B9F004C8381 /* Debug */,
				635DC78C1CDB1B9F004C8381 /* Release */,
			);
			defaultConfigurationIsVisible = 0;
		};
		635DC78D1CDB1B9F004C8381 /* Build configuration list for PBXNativeTarget "MonthCalenderUITests" */ = {
			isa = XCConfigurationList;
			buildConfigurations = (
				635DC78E1CDB1B9F004C8381 /* Debug */,
				635DC78F1CDB1B9F004C8381 /* Release */,
			);
			defaultConfigurationIsVisible = 0;
		};
/* End XCConfigurationList section */
	};
	rootObject = 635DC7571CDB1B9F004C8381 /* Project object */;
}
